
Microsoft Visual Studio Solution File, Format Version 12.00
# Visual Studio Version 17
VisualStudioVersion = 17.7.34031.279
MinimumVisualStudioVersion = 10.0.40219.1
Project("{FAE04EC0-301F-11D3-BF4B-00C04F79EFBC}") = "Fitness.BL", "Fitness.BL\Fitness.BL.csproj", "{F01D7B2C-B1E9-45B9-8E1E-5BC501D70D69}"
EndProject
Project("{FAE04EC0-301F-11D3-BF4B-00C04F79EFBC}") = "FitnessConsole.CMD", "FitnessConsole.CMD\FitnessConsole.CMD.csproj", "{F1E32FCE-E14E-4536-B2F9-D1A821AF873F}"
EndProject
Global
	GlobalSection(SolutionConfigurationPlatforms) = preSolution
		Debug|Any CPU = Debug|Any CPU
		Release|Any CPU = Release|Any CPU
	EndGlobalSection
	GlobalSection(ProjectConfigurationPlatforms) = postSolution
		{F01D7B2C-B1E9-45B9-8E1E-5BC501D70D69}.Debug|Any CPU.ActiveCfg = Debug|Any CPU
		{F01D7B2C-B1E9-45B9-8E1E-5BC501D70D69}.Debug|Any CPU.Build.0 = Debug|Any CPU
		{F01D7B2C-B1E9-45B9-8E1E-5BC501D70D69}.Release|Any CPU.ActiveCfg = Release|Any CPU
		{F01D7B2C-B1E9-45B9-8E1E-5BC501D70D69}.Release|Any CPU.Build.0 = Release|Any CPU
		{F1E32FCE-E14E-4536-B2F9-D1A821AF873F}.Debug|Any CPU.ActiveCfg = Debug|Any CPU
		{F1E32FCE-E14E-4536-B2F9-D1A821AF873F}.Debug|Any CPU.Build.0 = Debug|Any CPU
		{F1E32FCE-E14E-4536-B2F9-D1A821AF873F}.Release|Any CPU.ActiveCfg = Release|Any CPU
		{F1E32FCE-E14E-4536-B2F9-D1A821AF873F}.Release|Any CPU.Build.0 = Release|Any CPU
	EndGlobalSection
	GlobalSection(SolutionProperties) = preSolution
		HideSolutionNode = FALSE
	EndGlobalSection
	GlobalSection(ExtensibilityGlobals) = postSolution
		SolutionGuid = {D8821C83-FF04-491D-A5C5-0BB6FC92810C}
	EndGlobalSection
EndGlobal
